{
  "version": "5",
  "specifiers": {
    "jsr:@std/assert@1": "1.0.11",
    "jsr:@std/internal@^1.0.5": "1.0.5",
    "npm:@types/turndown@^5.0.5": "5.0.5",
    "npm:diff@^8.0.2": "8.0.2",
    "npm:event-emitter@~0.3.5": "0.3.5",
    "npm:fuzzysort@^3.1.0": "3.1.0",
    "npm:highlight.js@^11.11.1": "11.11.1",
    "npm:marked@^15.0.12": "15.0.12",
    "npm:openapi-fetch@~0.13.4": "0.13.8",
    "npm:turndown@^7.2.1": "7.2.1",
    "npm:twemoji@^14.0.2": "14.0.2",
    "npm:typed-emitter@^2.1.0": "2.1.0",
    "npm:uuidv7@^1.0.2": "1.0.2"
  },
  "jsr": {
    "@std/assert@1.0.11": {
      "integrity": "2461ef3c368fe88bc60e186e7744a93112f16fd110022e113a0849e94d1c83c1",
      "dependencies": [
        "jsr:@std/internal"
      ]
    },
    "@std/internal@1.0.5": {
      "integrity": "54a546004f769c1ac9e025abd15a76b6671ddc9687e2313b67376125650dc7ba"
    }
  },
  "npm": {
    "@mixmark-io/domino@2.2.0": {
      "integrity": "sha512-Y28PR25bHXUg88kCV7nivXrP2Nj2RueZ3/l/jdx6J9f8J4nsEGcgX0Qe6lt7Pa+J79+kPiJU3LguR6O/6zrLOw=="
    },
    "@types/turndown@5.0.5": {
      "integrity": "sha512-TL2IgGgc7B5j78rIccBtlYAnkuv8nUQqhQc+DSYV5j9Be9XOcm/SKOVRuA47xAVI3680Tk9B1d8flK2GWT2+4w=="
    },
    "d@1.0.2": {
      "integrity": "sha512-MOqHvMWF9/9MX6nza0KgvFH4HpMU0EF5uUDXqX/BtxtU8NfB0QzRtJ8Oe/6SuS4kbhyzVJwjd97EA4PKrzJ8bw==",
      "dependencies": [
        "es5-ext",
        "type"
      ]
    },
    "diff@8.0.2": {
      "integrity": "sha512-sSuxWU5j5SR9QQji/o2qMvqRNYRDOcBTgsJ/DeCf4iSN4gW+gNMXM7wFIP+fdXZxoNiAnHUTGjCr+TSWXdRDKg=="
    },
    "es5-ext@0.10.64": {
      "integrity": "sha512-p2snDhiLaXe6dahss1LddxqEm+SkuDvV8dnIQG0MWjyHpcMNfXKPE+/Cc0y+PhxJX3A4xGNeFCj5oc0BUh6deg==",
      "dependencies": [
        "es6-iterator",
        "es6-symbol",
        "esniff",
        "next-tick"
      ],
      "scripts": true
    },
    "es6-iterator@2.0.3": {
      "integrity": "sha512-zw4SRzoUkd+cl+ZoE15A9o1oQd920Bb0iOJMQkQhl3jNc03YqVjAhG7scf9C5KWRU/R13Orf588uCC6525o02g==",
      "dependencies": [
        "d",
        "es5-ext",
        "es6-symbol"
      ]
    },
    "es6-symbol@3.1.4": {
      "integrity": "sha512-U9bFFjX8tFiATgtkJ1zg25+KviIXpgRvRHS8sau3GfhVzThRQrOeksPeT0BWW2MNZs1OEWJ1DPXOQMn0KKRkvg==",
      "dependencies": [
        "d",
        "ext"
      ]
    },
    "esniff@2.0.1": {
      "integrity": "sha512-kTUIGKQ/mDPFoJ0oVfcmyJn4iBDRptjNVIzwIFR7tqWXdVI9xfA2RMwY/gbSpJG3lkdWNEjLap/NqVHZiJsdfg==",
      "dependencies": [
        "d",
        "es5-ext",
        "event-emitter",
        "type"
      ]
    },
    "event-emitter@0.3.5": {
      "integrity": "sha512-D9rRn9y7kLPnJ+hMq7S/nhvoKwwvVJahBi2BPmx3bvbsEdK3W9ii8cBSGjP+72/LnM4n6fo3+dkCX5FeTQruXA==",
      "dependencies": [
        "d",
        "es5-ext"
      ]
    },
    "ext@1.7.0": {
      "integrity": "sha512-6hxeJYaL110a9b5TEJSj0gojyHQAmA2ch5Os+ySCiA1QGdS697XWY1pzsrSjqA9LDEEgdB/KypIlR59RcLuHYw==",
      "dependencies": [
        "type"
      ]
    },
    "fs-extra@8.1.0": {
      "integrity": "sha512-yhlQgA6mnOJUKOsRUFsgJdQCvkKhcz8tlZG5HBQfReYZy46OwLcY+Zia0mtdHsOo9y/hP+CxMN0TU9QxoOtG4g==",
      "dependencies": [
        "graceful-fs",
        "jsonfile@4.0.0",
        "universalify"
      ]
    },
    "fuzzysort@3.1.0": {
      "integrity": "sha512-sR9BNCjBg6LNgwvxlBd0sBABvQitkLzoVY9MYYROQVX/FvfJ4Mai9LsGhDgd8qYdds0bY77VzYd5iuB+v5rwQQ=="
    },
    "graceful-fs@4.2.11": {
      "integrity": "sha512-RbJ5/jmFcNNCcDV5o9eTnBLJ/HszWV0P73bc+Ff4nS/rJj+YaS6IGyiOL0VoBYX+l1Wrl3k63h/KrH+nhJ0XvQ=="
    },
    "highlight.js@11.11.1": {
      "integrity": "sha512-Xwwo44whKBVCYoliBQwaPvtd/2tYFkRQtXDWj1nackaV2JPXx3L0+Jvd8/qCJ2p+ML0/XVkJ2q+Mr+UVdpJK5w=="
    },
    "jsonfile@4.0.0": {
      "integrity": "sha512-m6F1R3z8jjlf2imQHS2Qez5sjKWQzbuuhuJ/FKYFRZvPE3PuHcSMVZzfsLhGVOkfd20obL5SWEBew5ShlquNxg==",
      "optionalDependencies": [
        "graceful-fs"
      ]
    },
    "jsonfile@5.0.0": {
      "integrity": "sha512-NQRZ5CRo74MhMMC3/3r5g2k4fjodJ/wh8MxjFbCViWKFjxrnudWSY5vomh+23ZaXzAS7J3fBZIR2dV6WbmfM0w==",
      "dependencies": [
        "universalify"
      ],
      "optionalDependencies": [
        "graceful-fs"
      ]
    },
    "marked@15.0.12": {
      "integrity": "sha512-8dD6FusOQSrpv9Z1rdNMdlSgQOIP880DHqnohobOmYLElGEqAL/JvxvuxZO16r4HtjTlfPRDC1hbvxC9dPN2nA==",
      "bin": true
    },
    "next-tick@1.1.0": {
      "integrity": "sha512-CXdUiJembsNjuToQvxayPZF9Vqht7hewsvy2sOWafLvi2awflj9mOC6bHIg50orX8IJvWKY9wYQ/zB2kogPslQ=="
    },
    "openapi-fetch@0.13.8": {
      "integrity": "sha512-yJ4QKRyNxE44baQ9mY5+r/kAzZ8yXMemtNAOFwOzRXJscdjSxxzWSNlyBAr+o5JjkUw9Lc3W7OIoca0cY3PYnQ==",
      "dependencies": [
        "openapi-typescript-helpers"
      ]
    },
    "openapi-typescript-helpers@0.0.15": {
      "integrity": "sha512-opyTPaunsklCBpTK8JGef6mfPhLSnyy5a0IN9vKtx3+4aExf+KxEqYwIy3hqkedXIB97u357uLMJsOnm3GVjsw=="
    },
    "rxjs@7.8.2": {
      "integrity": "sha512-dhKf903U/PQZY6boNNtAGdWbG85WAbjT/1xYoZIC7FAY0yWapOBQVsVrDl58W86//e1VpMNBtRV4MaXfdMySFA==",
      "dependencies": [
        "tslib"
      ]
    },
    "tslib@2.8.1": {
      "integrity": "sha512-oJFu94HQb+KVduSUQL7wnpmqnfmLsOA/nAh6b6EH0wCEoK0/mPeXU6c3wKDV83MkOuHPRHtSXKKU99IBazS/2w=="
    },
    "turndown@7.2.1": {
      "integrity": "sha512-7YiPJw6rLClQL3oUKN3KgMaXeJJ2lAyZItclgKDurqnH61so4k4IH/qwmMva0zpuJc/FhRExBBnk7EbeFANlgQ==",
      "dependencies": [
        "@mixmark-io/domino"
      ]
    },
    "twemoji-parser@14.0.0": {
      "integrity": "sha512-9DUOTGLOWs0pFWnh1p6NF+C3CkQ96PWmEFwhOVmT3WbecRC+68AIqpsnJXygfkFcp4aXbOp8Dwbhh/HQgvoRxA=="
    },
    "twemoji@14.0.2": {
      "integrity": "sha512-BzOoXIe1QVdmsUmZ54xbEH+8AgtOKUiG53zO5vVP2iUu6h5u9lN15NcuS6te4OY96qx0H7JK9vjjl9WQbkTRuA==",
      "dependencies": [
        "fs-extra",
        "jsonfile@5.0.0",
        "twemoji-parser",
        "universalify"
      ]
    },
    "type@2.7.3": {
      "integrity": "sha512-8j+1QmAbPvLZow5Qpi6NCaN8FB60p/6x8/vfNqOk/hC+HuvFZhL4+WfekuhQLiqFZXOgQdrs3B+XxEmCc6b3FQ=="
    },
    "typed-emitter@2.1.0": {
      "integrity": "sha512-g/KzbYKbH5C2vPkaXGu8DJlHrGKHLsM25Zg9WuC9pMGfuvT+X25tZQWo5fK1BjBm8+UrVE9LDCvaY0CQk+fXDA==",
      "optionalDependencies": [
        "rxjs"
      ]
    },
    "universalify@0.1.2": {
      "integrity": "sha512-rBJeI5CXAlmy1pV+617WB9J63U6XcazHHF2f2dbJix4XzpUF0RS3Zbj0FGIOCAva5P/d/GBOYaACQ1w+0azUkg=="
    },
    "uuidv7@1.0.2": {
      "integrity": "sha512-8JQkH4ooXnm1JCIhqTMbtmdnYEn6oKukBxHn1Ic9878jMkL7daTI7anTExfY18VRCX7tcdn5quzvCb6EWrR8PA==",
      "bin": true
    }
  },
  "workspace": {
    "packageJson": {
      "dependencies": [
        "npm:typescript@^5.9.2"
      ]
    },
    "members": {
      "frontend": {
        "packageJson": {
          "dependencies": [
            "npm:@floating-ui/dom@^1.7.4",
            "npm:@solid-primitives/autofocus@~0.1.3",
            "npm:@solid-primitives/event-bus@^1.1.2",
            "npm:@solid-primitives/i18n@^2.2.1",
            "npm:@solid-primitives/intersection-observer@^2.2.2",
            "npm:@solid-primitives/map@0.6",
            "npm:@solid-primitives/resize-observer@^2.1.3",
            "npm:@solid-primitives/scheduled@^1.5.2",
            "npm:@solid-primitives/set@0.6",
            "npm:@solid-primitives/websocket@^1.3.1",
            "npm:@solidjs/router@~0.15.3",
            "npm:@tanstack/solid-virtual@^3.13.12",
            "npm:@types/node@^22.18.1",
            "npm:@types/sanitize-html@^2.16.0",
            "npm:@types/turndown@^5.0.5",
            "npm:diff@^8.0.2",
            "npm:emojibase-data@^7.0.1",
            "npm:event-emitter@~0.3.5",
            "npm:fuzzysort@^3.1.0",
            "npm:highlight.js@^11.11.1",
            "npm:marked@^15.0.12",
            "npm:prosemirror-history@^1.4.1",
            "npm:prosemirror-keymap@^1.2.3",
            "npm:prosemirror-model@^1.25.3",
            "npm:prosemirror-state@^1.4.3",
            "npm:prosemirror-view@^1.41.0",
            "npm:sanitize-html@^2.17.0",
            "npm:sass@^1.92.1",
            "npm:solid-floating-ui@~0.3.1",
            "npm:solid-js@^1.9.9",
            "npm:turndown@^7.2.1",
            "npm:twemoji@^14.0.2",
            "npm:typed-emitter@^2.1.0",
            "npm:typescript@^5.9.2",
            "npm:uuidv7@^1.0.2",
            "npm:vite-plugin-node-polyfills@0.23",
            "npm:vite-plugin-solid@^2.11.8",
            "npm:vite@^6.3.5"
          ]
        }
      },
      "tests": {
        "dependencies": [
          "jsr:@std/assert@1"
        ]
      },
      "ts-sdk": {
        "packageJson": {
          "dependencies": [
            "npm:openapi-fetch@~0.13.4",
            "npm:openapi-typescript@^7.6.1",
            "npm:typescript@^5.7.3",
            "npm:uuidv7@^1.0.2"
          ]
        }
      }
    }
  }
}
