{
  "version": "4",
  "specifiers": {
    "jsr:@hectorm/otpauth@*": "9.3.6",
    "npm:@electric-sql/pglite@~0.2.15": "0.2.15",
    "npm:@hono/zod-openapi@*": "0.18.3_hono@4.6.14_zod@3.24.1",
    "npm:@hono/zod-openapi@~0.18.3": "0.18.3_hono@4.6.14_zod@3.24.1",
    "npm:@scalar/hono-api-reference@*": "0.5.165_hono@4.6.14",
    "npm:hono@*": "4.6.14",
    "npm:hono@^4.6.14": "4.6.14",
    "npm:typed-emitter@*": "2.1.0",
    "npm:zod@^3.24.1": "3.24.1"
  },
  "jsr": {
    "@hectorm/otpauth@9.3.6": {
      "integrity": "a1b88bdee6a7b4e208954d58b8c69561711f2e43b2f7ff4e07202e4a4c06219c"
    }
  },
  "npm": {
    "@asteasolutions/zod-to-openapi@7.3.0_zod@3.24.1": {
      "integrity": "sha512-7tE/r1gXwMIvGnXVUdIqUhCU1RevEFC4Jk6Bussa0fk1ecbnnINkZzj1EOAJyE/M3AI25DnHT/zKQL1/FPFi8Q==",
      "dependencies": [
        "openapi3-ts",
        "zod"
      ]
    },
    "@electric-sql/pglite@0.2.15": {
      "integrity": "sha512-Jiq31Dnk+rg8rMhcSxs4lQvHTyizNo5b269c1gCC3ldQ0sCLrNVPGzy+KnmonKy1ZArTUuXZf23/UamzFMKVaA=="
    },
    "@hono/zod-openapi@0.18.3_hono@4.6.14_zod@3.24.1": {
      "integrity": "sha512-bNlRDODnp7P9Fs13ZPajEOt13G0XwXKfKRHMEFCphQsFiD1Y+twzHaglpNAhNcflzR1DQwHY92ZS06b4LTPbIQ==",
      "dependencies": [
        "@asteasolutions/zod-to-openapi",
        "@hono/zod-validator",
        "hono",
        "zod"
      ]
    },
    "@hono/zod-validator@0.4.2_hono@4.6.14_zod@3.24.1": {
      "integrity": "sha512-1rrlBg+EpDPhzOV4hT9pxr5+xDVmKuz6YJl+la7VCwK6ass5ldyKm5fD+umJdV2zhHD6jROoCCv8NbTwyfhT0g==",
      "dependencies": [
        "hono",
        "zod"
      ]
    },
    "@scalar/hono-api-reference@0.5.165_hono@4.6.14": {
      "integrity": "sha512-UOdH9vKQxNC5wi3fQufq44g93x3oE7YoeI1bdLncbrK3Nm+XtLe4Wc0kSpz1n6gsjvqSJij/ioXmkC8OJpM5hA==",
      "dependencies": [
        "@scalar/types",
        "hono"
      ]
    },
    "@scalar/openapi-types@0.1.5": {
      "integrity": "sha512-6geH9ehvQ/sG/xUyy3e0lyOw3BaY5s6nn22wHjEJhcobdmWyFER0O6m7AU0ZN4QTjle/gYvFJOjj552l/rsNSw=="
    },
    "@scalar/types@0.0.25": {
      "integrity": "sha512-sGnOFnfiSn4o23rklU/jrg81hO+630bsFIdHg8MZ/w2Nc6IoUwARA2hbe4d4Fg+D0KBu40Tan/L+WAYDXkTJQg==",
      "dependencies": [
        "@scalar/openapi-types",
        "@unhead/schema"
      ]
    },
    "@unhead/schema@1.11.14": {
      "integrity": "sha512-V9W9u5tF1/+TiLqxu+Qvh1ShoMDkPEwHoEo4DKdDG6ko7YlbzFfDxV6el9JwCren45U/4Vy/4Xi7j8OH02wsiA==",
      "dependencies": [
        "hookable",
        "zhead"
      ]
    },
    "hono@4.6.14": {
      "integrity": "sha512-j4VkyUp2xazGJ8eCCLN1Vm/bxdvm/j5ZuU9AIjLu9vapn2M44p9L3Ktr9Vnb2RN2QtcR/wVjZVMlT5k7GJQgPw=="
    },
    "hookable@5.5.3": {
      "integrity": "sha512-Yc+BQe8SvoXH1643Qez1zqLRmbA5rCL+sSmk6TVos0LWVfNIB7PGncdlId77WzLGSIB5KaWgTaNTs2lNVEI6VQ=="
    },
    "openapi3-ts@4.4.0": {
      "integrity": "sha512-9asTNB9IkKEzWMcHmVZE7Ts3kC9G7AFHfs8i7caD8HbI76gEjdkId4z/AkP83xdZsH7PLAnnbl47qZkXuxpArw==",
      "dependencies": [
        "yaml"
      ]
    },
    "rxjs@7.8.1": {
      "integrity": "sha512-AA3TVj+0A2iuIoQkWEK/tqFjBq2j+6PO6Y0zJcvzLAFhEFIO3HL0vls9hWLncZbAAbK0mar7oZ4V079I/qPMxg==",
      "dependencies": [
        "tslib"
      ]
    },
    "tslib@2.8.0": {
      "integrity": "sha512-jWVzBLplnCmoaTr13V9dYbiQ99wvZRd0vNWaDRg+aVYRcjDF3nDksxFDE/+fkXnKhpnUUkmx5pK/v8mCtLVqZA=="
    },
    "typed-emitter@2.1.0": {
      "integrity": "sha512-g/KzbYKbH5C2vPkaXGu8DJlHrGKHLsM25Zg9WuC9pMGfuvT+X25tZQWo5fK1BjBm8+UrVE9LDCvaY0CQk+fXDA==",
      "dependencies": [
        "rxjs"
      ]
    },
    "yaml@2.6.1": {
      "integrity": "sha512-7r0XPzioN/Q9kXBro/XPnA6kznR73DHq+GXh5ON7ZozRO6aMjbmiBuKste2wslTFkC5d1dw0GooOCepZXJ2SAg=="
    },
    "zhead@2.2.4": {
      "integrity": "sha512-8F0OI5dpWIA5IGG5NHUg9staDwz/ZPxZtvGVf01j7vHqSyZ0raHY+78atOVxRqb73AotX22uV1pXt3gYSstGag=="
    },
    "zod@3.24.1": {
      "integrity": "sha512-muH7gBL9sI1nciMZV67X5fTKKBLtwpZ5VBp1vsOQzj1MhrBZ4wlVCm3gedKZWLp0Oyel8sIGfeiz54Su+OVT+A=="
    }
  },
  "remote": {
    "https://deno.land/x/bcrypt@v0.4.1/mod.ts": "ff09bdae282583cf5f7d87efe37ddcecef7f14f6d12e8b8066a3058db8c6c2f7",
    "https://deno.land/x/bcrypt@v0.4.1/src/bcrypt/base64.ts": "b8266450a4f1eb6960f60f2f7986afc4dde6b45bd2d7ee7ba10789e67e17b9f7",
    "https://deno.land/x/bcrypt@v0.4.1/src/bcrypt/bcrypt.ts": "ec221648cc6453ea5e3803bc817c01157dada06aa6f7a0ba6b9f87aae32b21e2",
    "https://deno.land/x/bcrypt@v0.4.1/src/main.ts": "08d201b289c8d9c46f8839c69cd6625b213863db29775c7a200afc3b540e64f8",
    "https://deno.land/x/bcrypt@v0.4.1/src/worker.ts": "5a73bdfee9c9e622f47c9733d374b627dce52fb3ec1e74c8226698b3fc57ffac",
    "https://deno.land/x/sqlite@v3.9.1/build/sqlite.js": "2afc7875c7b9c85d89730c4a311ab3a304e5d1bf761fbadd8c07bbdf130f5f9b",
    "https://deno.land/x/sqlite@v3.9.1/build/vfs.js": "7f7778a9fe499cd10738d6e43867340b50b67d3e39142b0065acd51a84cd2e03",
    "https://deno.land/x/sqlite@v3.9.1/mod.ts": "e09fc79d8065fe222578114b109b1fd60077bff1bb75448532077f784f4d6a83",
    "https://deno.land/x/sqlite@v3.9.1/src/constants.ts": "90f3be047ec0a89bcb5d6fc30db121685fc82cb00b1c476124ff47a4b0472aa9",
    "https://deno.land/x/sqlite@v3.9.1/src/db.ts": "03d0c860957496eadedd86e51a6e650670764630e64f56df0092e86c90752401",
    "https://deno.land/x/sqlite@v3.9.1/src/error.ts": "f7a15cb00d7c3797da1aefee3cf86d23e0ae92e73f0ba3165496c3816ab9503a",
    "https://deno.land/x/sqlite@v3.9.1/src/function.ts": "bc778cab7a6d771f690afa27264c524d22fcb96f1bb61959ade7922c15a4ab8d",
    "https://deno.land/x/sqlite@v3.9.1/src/query.ts": "d58abda928f6582d77bad685ecf551b1be8a15e8e38403e293ec38522e030cad",
    "https://deno.land/x/sqlite@v3.9.1/src/wasm.ts": "e79d0baa6e42423257fb3c7cc98091c54399254867e0f34a09b5bdef37bd9487",
    "https://unpkg.com/uuidv7@1.0.2/dist/index.js": "d7fb85568a8572a2228dd5ba23b27c45d0fd142fe00c44ce6ab2d8a6dded6638"
  },
  "workspace": {
    "dependencies": [
      "jsr:@hectorm/otpauth@*",
      "npm:@electric-sql/pglite@~0.2.15",
      "npm:@hono/zod-openapi@~0.18.3",
      "npm:hono@^4.6.14",
      "npm:typed-emitter@*",
      "npm:zod@^3.24.1"
    ]
  }
}
