{
  "version": "4",
  "specifiers": {
    "jsr:@std/assert@1": "1.0.11",
    "jsr:@std/internal@^1.0.5": "1.0.5"
  },
  "jsr": {
    "@std/assert@1.0.11": {
      "integrity": "2461ef3c368fe88bc60e186e7744a93112f16fd110022e113a0849e94d1c83c1",
      "dependencies": [
        "jsr:@std/internal"
      ]
    },
    "@std/internal@1.0.5": {
      "integrity": "54a546004f769c1ac9e025abd15a76b6671ddc9687e2313b67376125650dc7ba"
    }
  },
  "workspace": {
    "packageJson": {
      "dependencies": [
        "npm:typescript@^5.7.3"
      ]
    },
    "members": {
      "frontend": {
        "packageJson": {
          "dependencies": [
            "npm:@floating-ui/dom@^1.6.13",
            "npm:@solid-primitives/autofocus@0.1",
            "npm:@solid-primitives/event-bus@^1.1.0",
            "npm:@solid-primitives/i18n@^2.2.0",
            "npm:@solid-primitives/intersection-observer@^2.2.0",
            "npm:@solid-primitives/map@0.6",
            "npm:@solid-primitives/resize-observer@^2.1.0",
            "npm:@solid-primitives/scheduled@^1.5.0",
            "npm:@solid-primitives/set@0.6",
            "npm:@solid-primitives/websocket@^1.3.0",
            "npm:@solidjs/router@~0.15.3",
            "npm:@types/node@^22.13.4",
            "npm:@types/sanitize-html@^2.13.0",
            "npm:event-emitter@~0.3.5",
            "npm:fuzzysort@^3.1.0",
            "npm:highlight.js@^11.11.1",
            "npm:marked@^15.0.7",
            "npm:prosemirror-history@^1.4.1",
            "npm:prosemirror-keymap@^1.2.2",
            "npm:prosemirror-model@^1.24.1",
            "npm:prosemirror-state@^1.4.3",
            "npm:prosemirror-view@^1.38.0",
            "npm:sanitize-html@^2.14.0",
            "npm:sass@^1.85.0",
            "npm:solid-floating-ui@~0.3.1",
            "npm:solid-js@^1.9.4",
            "npm:tailwindcss@^4.0.6",
            "npm:typed-emitter@^2.1.0",
            "npm:typescript@^5.7.3",
            "npm:uuidv7@^1.0.2",
            "npm:vite-plugin-node-polyfills@0.23",
            "npm:vite-plugin-solid@^2.11.1",
            "npm:vite@^6.1.0"
          ]
        }
      },
      "tests": {
        "dependencies": [
          "jsr:@std/assert@1"
        ]
      },
      "ts-sdk": {
        "packageJson": {
          "dependencies": [
            "npm:openapi-fetch@~0.13.4",
            "npm:openapi-typescript@^7.6.1",
            "npm:typescript@^5.7.3",
            "npm:uuidv7@^1.0.2"
          ]
        }
      }
    }
  }
}
